// !$*UTF8*$!
{
	archiveVersion = 1;
	classes = {
	};
	objectVersion = 45;
	objects = {

/* Begin PBXBuildFile section */
		1D3623260D0F684500981E51 /* NellodeeAppDelegate.m in Sources */ = {isa = PBXBuildFile; fileRef = 1D3623250D0F684500981E51 /* NellodeeAppDelegate.m */; };
		1D60589B0D05DD56006BFB54 /* main.m in Sources */ = {isa = PBXBuildFile; fileRef = 29B97316FDCFA39411CA2CEA /* main.m */; };
		1D60589F0D05DD5A006BFB54 /* Foundation.framework in Frameworks */ = {isa = PBXBuildFile; fileRef = 1D30AB110D05D00D00671497 /* Foundation.framework */; };
		1DF5F4E00D08C38300B7A737 /* UIKit.framework in Frameworks */ = {isa = PBXBuildFile; fileRef = 1DF5F4DF0D08C38300B7A737 /* UIKit.framework */; };
		288765A50DF7441C002DB57D /* CoreGraphics.framework in Frameworks */ = {isa = PBXBuildFile; fileRef = 288765A40DF7441C002DB57D /* CoreGraphics.framework */; };
		28AD733F0D9D9553002E5188 /* MainWindow.xib in Resources */ = {isa = PBXBuildFile; fileRef = 28AD733E0D9D9553002E5188 /* MainWindow.xib */; };
		28D801B40F44B63D00FB423F /* CoreData.framework in Frameworks */ = {isa = PBXBuildFile; fileRef = 28D801B30F44B63D00FB423F /* CoreData.framework */; };
		60893ED013B5F78F008DCDF0 /* NSObject+SBJson.m in Sources */ = {isa = PBXBuildFile; fileRef = 60893EB813B5F78E008DCDF0 /* NSObject+SBJson.m */; };
		60893ED113B5F78F008DCDF0 /* SBJsonParser.m in Sources */ = {isa = PBXBuildFile; fileRef = 60893EBB13B5F78E008DCDF0 /* SBJsonParser.m */; };
		60893ED213B5F78F008DCDF0 /* SBJsonStreamParser.m in Sources */ = {isa = PBXBuildFile; fileRef = 60893EBD13B5F78E008DCDF0 /* SBJsonStreamParser.m */; };
		60893ED313B5F78F008DCDF0 /* SBJsonStreamParserAccumulator.m in Sources */ = {isa = PBXBuildFile; fileRef = 60893EBF13B5F78E008DCDF0 /* SBJsonStreamParserAccumulator.m */; };
		60893ED413B5F78F008DCDF0 /* SBJsonStreamParserAdapter.m in Sources */ = {isa = PBXBuildFile; fileRef = 60893EC113B5F78E008DCDF0 /* SBJsonStreamParserAdapter.m */; };
		60893ED513B5F78F008DCDF0 /* SBJsonStreamParserState.m in Sources */ = {isa = PBXBuildFile; fileRef = 60893EC313B5F78F008DCDF0 /* SBJsonStreamParserState.m */; };
		60893ED613B5F78F008DCDF0 /* SBJsonStreamWriter.m in Sources */ = {isa = PBXBuildFile; fileRef = 60893EC513B5F78F008DCDF0 /* SBJsonStreamWriter.m */; };
		60893ED713B5F78F008DCDF0 /* SBJsonStreamWriterAccumulator.m in Sources */ = {isa = PBXBuildFile; fileRef = 60893EC713B5F78F008DCDF0 /* SBJsonStreamWriterAccumulator.m */; };
		60893ED813B5F78F008DCDF0 /* SBJsonStreamWriterState.m in Sources */ = {isa = PBXBuildFile; fileRef = 60893EC913B5F78F008DCDF0 /* SBJsonStreamWriterState.m */; };
		60893ED913B5F78F008DCDF0 /* SBJsonTokeniser.m in Sources */ = {isa = PBXBuildFile; fileRef = 60893ECB13B5F78F008DCDF0 /* SBJsonTokeniser.m */; };
		60893EDA13B5F78F008DCDF0 /* SBJsonUTF8Stream.m in Sources */ = {isa = PBXBuildFile; fileRef = 60893ECD13B5F78F008DCDF0 /* SBJsonUTF8Stream.m */; };
		60893EDB13B5F78F008DCDF0 /* SBJsonWriter.m in Sources */ = {isa = PBXBuildFile; fileRef = 60893ECF13B5F78F008DCDF0 /* SBJsonWriter.m */; };
		60893FBA13B75DA2008DCDF0 /* NellodeeApp.m in Sources */ = {isa = PBXBuildFile; fileRef = 60893FB913B75DA2008DCDF0 /* NellodeeApp.m */; };
		60ACE0DA13B50E6600764BEF /* Authorization.m in Sources */ = {isa = PBXBuildFile; fileRef = 60ACE0D913B50E6600764BEF /* Authorization.m */; };
		B725505F1118D2A00016AD41 /* LoginViewController.m in Sources */ = {isa = PBXBuildFile; fileRef = B725505D1118D2A00016AD41 /* LoginViewController.m */; };
		B72550601118D2A00016AD41 /* LoginViewController.xib in Resources */ = {isa = PBXBuildFile; fileRef = B725505E1118D2A00016AD41 /* LoginViewController.xib */; };
		B75ED5991124F75C004F6C94 /* ViewTwoController.m in Sources */ = {isa = PBXBuildFile; fileRef = B75ED5971124F75C004F6C94 /* ViewTwoController.m */; };
		B75ED59A1124F75C004F6C94 /* ViewTwoController.xib in Resources */ = {isa = PBXBuildFile; fileRef = B75ED5981124F75C004F6C94 /* ViewTwoController.xib */; };
		B7F6524110FFD98E0008748C /* MainViewController.m in Sources */ = {isa = PBXBuildFile; fileRef = B7F6523F10FFD98E0008748C /* MainViewController.m */; };
		B7F6524210FFD98E0008748C /* MainViewController.xib in Resources */ = {isa = PBXBuildFile; fileRef = B7F6524010FFD98E0008748C /* MainViewController.xib */; };
/* End PBXBuildFile section */

/* Begin PBXFileReference section */
		1D30AB110D05D00D00671497 /* Foundation.framework */ = {isa = PBXFileReference; lastKnownFileType = wrapper.framework; name = Foundation.framework; path = System/Library/Frameworks/Foundation.framework; sourceTree = SDKROOT; };
		1D3623240D0F684500981E51 /* NellodeeAppDelegate.h */ = {isa = PBXFileReference; fileEncoding = 4; lastKnownFileType = sourcecode.c.h; path = NellodeeAppDelegate.h; sourceTree = "<group>"; };
		1D3623250D0F684500981E51 /* NellodeeAppDelegate.m */ = {isa = PBXFileReference; fileEncoding = 4; lastKnownFileType = sourcecode.c.objc; path = NellodeeAppDelegate.m; sourceTree = "<group>"; };
		1D6058910D05DD3D006BFB54 /* Nellodee.app */ = {isa = PBXFileReference; explicitFileType = wrapper.application; includeInIndex = 0; path = Nellodee.app; sourceTree = BUILT_PRODUCTS_DIR; };
		1DF5F4DF0D08C38300B7A737 /* UIKit.framework */ = {isa = PBXFileReference; lastKnownFileType = wrapper.framework; name = UIKit.framework; path = System/Library/Frameworks/UIKit.framework; sourceTree = SDKROOT; };
		288765A40DF7441C002DB57D /* CoreGraphics.framework */ = {isa = PBXFileReference; lastKnownFileType = wrapper.framework; name = CoreGraphics.framework; path = System/Library/Frameworks/CoreGraphics.framework; sourceTree = SDKROOT; };
		28AD733E0D9D9553002E5188 /* MainWindow.xib */ = {isa = PBXFileReference; lastKnownFileType = file.xib; path = MainWindow.xib; sourceTree = "<group>"; };
		28D801B30F44B63D00FB423F /* CoreData.framework */ = {isa = PBXFileReference; lastKnownFileType = wrapper.framework; name = CoreData.framework; path = System/Library/Frameworks/CoreData.framework; sourceTree = SDKROOT; };
		29B97316FDCFA39411CA2CEA /* main.m */ = {isa = PBXFileReference; fileEncoding = 4; lastKnownFileType = sourcecode.c.objc; path = main.m; sourceTree = "<group>"; };
		32CA4F630368D1EE00C91783 /* Nellodee_Prefix.pch */ = {isa = PBXFileReference; fileEncoding = 4; lastKnownFileType = sourcecode.c.h; path = Nellodee_Prefix.pch; sourceTree = "<group>"; };
		60893EB713B5F78E008DCDF0 /* NSObject+SBJson.h */ = {isa = PBXFileReference; fileEncoding = 4; lastKnownFileType = sourcecode.c.h; path = "NSObject+SBJson.h"; sourceTree = "<group>"; };
		60893EB813B5F78E008DCDF0 /* NSObject+SBJson.m */ = {isa = PBXFileReference; fileEncoding = 4; lastKnownFileType = sourcecode.c.objc; path = "NSObject+SBJson.m"; sourceTree = "<group>"; };
		60893EB913B5F78E008DCDF0 /* SBJson.h */ = {isa = PBXFileReference; fileEncoding = 4; lastKnownFileType = sourcecode.c.h; path = SBJson.h; sourceTree = "<group>"; };
		60893EBA13B5F78E008DCDF0 /* SBJsonParser.h */ = {isa = PBXFileReference; fileEncoding = 4; lastKnownFileType = sourcecode.c.h; path = SBJsonParser.h; sourceTree = "<group>"; };
		60893EBB13B5F78E008DCDF0 /* SBJsonParser.m */ = {isa = PBXFileReference; fileEncoding = 4; lastKnownFileType = sourcecode.c.objc; path = SBJsonParser.m; sourceTree = "<group>"; };
		60893EBC13B5F78E008DCDF0 /* SBJsonStreamParser.h */ = {isa = PBXFileReference; fileEncoding = 4; lastKnownFileType = sourcecode.c.h; path = SBJsonStreamParser.h; sourceTree = "<group>"; };
		60893EBD13B5F78E008DCDF0 /* SBJsonStreamParser.m */ = {isa = PBXFileReference; fileEncoding = 4; lastKnownFileType = sourcecode.c.objc; path = SBJsonStreamParser.m; sourceTree = "<group>"; };
		60893EBE13B5F78E008DCDF0 /* SBJsonStreamParserAccumulator.h */ = {isa = PBXFileReference; fileEncoding = 4; lastKnownFileType = sourcecode.c.h; path = SBJsonStreamParserAccumulator.h; sourceTree = "<group>"; };
		60893EBF13B5F78E008DCDF0 /* SBJsonStreamParserAccumulator.m */ = {isa = PBXFileReference; fileEncoding = 4; lastKnownFileType = sourcecode.c.objc; path = SBJsonStreamParserAccumulator.m; sourceTree = "<group>"; };
		60893EC013B5F78E008DCDF0 /* SBJsonStreamParserAdapter.h */ = {isa = PBXFileReference; fileEncoding = 4; lastKnownFileType = sourcecode.c.h; path = SBJsonStreamParserAdapter.h; sourceTree = "<group>"; };
		60893EC113B5F78E008DCDF0 /* SBJsonStreamParserAdapter.m */ = {isa = PBXFileReference; fileEncoding = 4; lastKnownFileType = sourcecode.c.objc; path = SBJsonStreamParserAdapter.m; sourceTree = "<group>"; };
		60893EC213B5F78F008DCDF0 /* SBJsonStreamParserState.h */ = {isa = PBXFileReference; fileEncoding = 4; lastKnownFileType = sourcecode.c.h; path = SBJsonStreamParserState.h; sourceTree = "<group>"; };
		60893EC313B5F78F008DCDF0 /* SBJsonStreamParserState.m */ = {isa = PBXFileReference; fileEncoding = 4; lastKnownFileType = sourcecode.c.objc; path = SBJsonStreamParserState.m; sourceTree = "<group>"; };
		60893EC413B5F78F008DCDF0 /* SBJsonStreamWriter.h */ = {isa = PBXFileReference; fileEncoding = 4; lastKnownFileType = sourcecode.c.h; path = SBJsonStreamWriter.h; sourceTree = "<group>"; };
		60893EC513B5F78F008DCDF0 /* SBJsonStreamWriter.m */ = {isa = PBXFileReference; fileEncoding = 4; lastKnownFileType = sourcecode.c.objc; path = SBJsonStreamWriter.m; sourceTree = "<group>"; };
		60893EC613B5F78F008DCDF0 /* SBJsonStreamWriterAccumulator.h */ = {isa = PBXFileReference; fileEncoding = 4; lastKnownFileType = sourcecode.c.h; path = SBJsonStreamWriterAccumulator.h; sourceTree = "<group>"; };
		60893EC713B5F78F008DCDF0 /* SBJsonStreamWriterAccumulator.m */ = {isa = PBXFileReference; fileEncoding = 4; lastKnownFileType = sourcecode.c.objc; path = SBJsonStreamWriterAccumulator.m; sourceTree = "<group>"; };
		60893EC813B5F78F008DCDF0 /* SBJsonStreamWriterState.h */ = {isa = PBXFileReference; fileEncoding = 4; lastKnownFileType = sourcecode.c.h; path = SBJsonStreamWriterState.h; sourceTree = "<group>"; };
		60893EC913B5F78F008DCDF0 /* SBJsonStreamWriterState.m */ = {isa = PBXFileReference; fileEncoding = 4; lastKnownFileType = sourcecode.c.objc; path = SBJsonStreamWriterState.m; sourceTree = "<group>"; };
		60893ECA13B5F78F008DCDF0 /* SBJsonTokeniser.h */ = {isa = PBXFileReference; fileEncoding = 4; lastKnownFileType = sourcecode.c.h; path = SBJsonTokeniser.h; sourceTree = "<group>"; };
		60893ECB13B5F78F008DCDF0 /* SBJsonTokeniser.m */ = {isa = PBXFileReference; fileEncoding = 4; lastKnownFileType = sourcecode.c.objc; path = SBJsonTokeniser.m; sourceTree = "<group>"; };
		60893ECC13B5F78F008DCDF0 /* SBJsonUTF8Stream.h */ = {isa = PBXFileReference; fileEncoding = 4; lastKnownFileType = sourcecode.c.h; path = SBJsonUTF8Stream.h; sourceTree = "<group>"; };
		60893ECD13B5F78F008DCDF0 /* SBJsonUTF8Stream.m */ = {isa = PBXFileReference; fileEncoding = 4; lastKnownFileType = sourcecode.c.objc; path = SBJsonUTF8Stream.m; sourceTree = "<group>"; };
		60893ECE13B5F78F008DCDF0 /* SBJsonWriter.h */ = {isa = PBXFileReference; fileEncoding = 4; lastKnownFileType = sourcecode.c.h; path = SBJsonWriter.h; sourceTree = "<group>"; };
		60893ECF13B5F78F008DCDF0 /* SBJsonWriter.m */ = {isa = PBXFileReference; fileEncoding = 4; lastKnownFileType = sourcecode.c.objc; path = SBJsonWriter.m; sourceTree = "<group>"; };
		60893FB813B75DA2008DCDF0 /* NellodeeApp.h */ = {isa = PBXFileReference; fileEncoding = 4; lastKnownFileType = sourcecode.c.h; path = NellodeeApp.h; sourceTree = "<group>"; };
		60893FB913B75DA2008DCDF0 /* NellodeeApp.m */ = {isa = PBXFileReference; fileEncoding = 4; lastKnownFileType = sourcecode.c.objc; path = NellodeeApp.m; sourceTree = "<group>"; };
		60ACE0D813B50E6600764BEF /* Authorization.h */ = {isa = PBXFileReference; fileEncoding = 4; lastKnownFileType = sourcecode.c.h; path = Authorization.h; sourceTree = "<group>"; };
		60ACE0D913B50E6600764BEF /* Authorization.m */ = {isa = PBXFileReference; fileEncoding = 4; lastKnownFileType = sourcecode.c.objc; path = Authorization.m; sourceTree = "<group>"; };
		8D1107310486CEB800E47090 /* Nellodee-Info.plist */ = {isa = PBXFileReference; fileEncoding = 4; lastKnownFileType = text.plist.xml; path = "Nellodee-Info.plist"; sourceTree = "<group>"; };
		B725505C1118D2A00016AD41 /* LoginViewController.h */ = {isa = PBXFileReference; fileEncoding = 4; lastKnownFileType = sourcecode.c.h; name = LoginViewController.h; path = ../LoginViewController.h; sourceTree = "<group>"; };
		B725505D1118D2A00016AD41 /* LoginViewController.m */ = {isa = PBXFileReference; fileEncoding = 4; lastKnownFileType = sourcecode.c.objc; name = LoginViewController.m; path = ../LoginViewController.m; sourceTree = "<group>"; };
		B725505E1118D2A00016AD41 /* LoginViewController.xib */ = {isa = PBXFileReference; lastKnownFileType = file.xib; path = LoginViewController.xib; sourceTree = "<group>"; };
		B75ED5961124F75C004F6C94 /* ViewTwoController.h */ = {isa = PBXFileReference; fileEncoding = 4; lastKnownFileType = sourcecode.c.h; name = ViewTwoController.h; path = ../ViewTwoController.h; sourceTree = "<group>"; };
		B75ED5971124F75C004F6C94 /* ViewTwoController.m */ = {isa = PBXFileReference; fileEncoding = 4; lastKnownFileType = sourcecode.c.objc; name = ViewTwoController.m; path = ../ViewTwoController.m; sourceTree = "<group>"; };
		B75ED5981124F75C004F6C94 /* ViewTwoController.xib */ = {isa = PBXFileReference; lastKnownFileType = file.xib; path = ViewTwoController.xib; sourceTree = "<group>"; };
		B7F6523E10FFD98E0008748C /* MainViewController.h */ = {isa = PBXFileReference; fileEncoding = 4; lastKnownFileType = sourcecode.c.h; name = MainViewController.h; path = ../MainViewController.h; sourceTree = "<group>"; };
		B7F6523F10FFD98E0008748C /* MainViewController.m */ = {isa = PBXFileReference; fileEncoding = 4; lastKnownFileType = sourcecode.c.objc; name = MainViewController.m; path = ../MainViewController.m; sourceTree = "<group>"; };
		B7F6524010FFD98E0008748C /* MainViewController.xib */ = {isa = PBXFileReference; lastKnownFileType = file.xib; path = MainViewController.xib; sourceTree = "<group>"; };
/* End PBXFileReference section */

/* Begin PBXFrameworksBuildPhase section */
		1D60588F0D05DD3D006BFB54 /* Frameworks */ = {
			isa = PBXFrameworksBuildPhase;
			buildActionMask = 2147483647;
			files = (
				1D60589F0D05DD5A006BFB54 /* Foundation.framework in Frameworks */,
				1DF5F4E00D08C38300B7A737 /* UIKit.framework in Frameworks */,
				288765A50DF7441C002DB57D /* CoreGraphics.framework in Frameworks */,
				28D801B40F44B63D00FB423F /* CoreData.framework in Frameworks */,
			);
			runOnlyForDeploymentPostprocessing = 0;
		};
/* End PBXFrameworksBuildPhase section */

/* Begin PBXGroup section */
		080E96DDFE201D6D7F000001 /* Classes */ = {
			isa = PBXGroup;
			children = (
				60893FB813B75DA2008DCDF0 /* NellodeeApp.h */,
				60893FB913B75DA2008DCDF0 /* NellodeeApp.m */,
				60893EDE13B5F9F0008DCDF0 /* Views */,
				60893EB313B5F707008DCDF0 /* Auth */,
				60893EB213B5F6F7008DCDF0 /* JSON */,
				1D3623240D0F684500981E51 /* NellodeeAppDelegate.h */,
				1D3623250D0F684500981E51 /* NellodeeAppDelegate.m */,
			);
			path = Classes;
			sourceTree = "<group>";
		};
		19C28FACFE9D520D11CA2CBB /* Products */ = {
			isa = PBXGroup;
			children = (
				1D6058910D05DD3D006BFB54 /* Nellodee.app */,
			);
			name = Products;
			sourceTree = "<group>";
		};
		29B97314FDCFA39411CA2CEA /* CustomTemplate */ = {
			isa = PBXGroup;
			children = (
				080E96DDFE201D6D7F000001 /* Classes */,
				29B97315FDCFA39411CA2CEA /* Other Sources */,
				29B97317FDCFA39411CA2CEA /* Resources */,
				29B97323FDCFA39411CA2CEA /* Frameworks */,
				19C28FACFE9D520D11CA2CBB /* Products */,
			);
			name = CustomTemplate;
			sourceTree = "<group>";
		};
		29B97315FDCFA39411CA2CEA /* Other Sources */ = {
			isa = PBXGroup;
			children = (
				32CA4F630368D1EE00C91783 /* Nellodee_Prefix.pch */,
				29B97316FDCFA39411CA2CEA /* main.m */,
			);
			name = "Other Sources";
			sourceTree = "<group>";
		};
		29B97317FDCFA39411CA2CEA /* Resources */ = {
			isa = PBXGroup;
			children = (
				B725505E1118D2A00016AD41 /* LoginViewController.xib */,
				B75ED5981124F75C004F6C94 /* ViewTwoController.xib */,
				28AD733E0D9D9553002E5188 /* MainWindow.xib */,
				B7F6524010FFD98E0008748C /* MainViewController.xib */,
				8D1107310486CEB800E47090 /* Nellodee-Info.plist */,
			);
			name = Resources;
			sourceTree = "<group>";
		};
		29B97323FDCFA39411CA2CEA /* Frameworks */ = {
			isa = PBXGroup;
			children = (
				1DF5F4DF0D08C38300B7A737 /* UIKit.framework */,
				1D30AB110D05D00D00671497 /* Foundation.framework */,
				288765A40DF7441C002DB57D /* CoreGraphics.framework */,
				28D801B30F44B63D00FB423F /* CoreData.framework */,
			);
			name = Frameworks;
			sourceTree = "<group>";
		};
		60893EB213B5F6F7008DCDF0 /* JSON */ = {
			isa = PBXGroup;
			children = (
				60893EB713B5F78E008DCDF0 /* NSObject+SBJson.h */,
				60893EB813B5F78E008DCDF0 /* NSObject+SBJson.m */,
				60893EB913B5F78E008DCDF0 /* SBJson.h */,
				60893EBA13B5F78E008DCDF0 /* SBJsonParser.h */,
				60893EBB13B5F78E008DCDF0 /* SBJsonParser.m */,
				60893EBC13B5F78E008DCDF0 /* SBJsonStreamParser.h */,
				60893EBD13B5F78E008DCDF0 /* SBJsonStreamParser.m */,
				60893EBE13B5F78E008DCDF0 /* SBJsonStreamParserAccumulator.h */,
				60893EBF13B5F78E008DCDF0 /* SBJsonStreamParserAccumulator.m */,
				60893EC013B5F78E008DCDF0 /* SBJsonStreamParserAdapter.h */,
				60893EC113B5F78E008DCDF0 /* SBJsonStreamParserAdapter.m */,
				60893EC213B5F78F008DCDF0 /* SBJsonStreamParserState.h */,
				60893EC313B5F78F008DCDF0 /* SBJsonStreamParserState.m */,
				60893EC413B5F78F008DCDF0 /* SBJsonStreamWriter.h */,
				60893EC513B5F78F008DCDF0 /* SBJsonStreamWriter.m */,
				60893EC613B5F78F008DCDF0 /* SBJsonStreamWriterAccumulator.h */,
				60893EC713B5F78F008DCDF0 /* SBJsonStreamWriterAccumulator.m */,
				60893EC813B5F78F008DCDF0 /* SBJsonStreamWriterState.h */,
				60893EC913B5F78F008DCDF0 /* SBJsonStreamWriterState.m */,
				60893ECA13B5F78F008DCDF0 /* SBJsonTokeniser.h */,
				60893ECB13B5F78F008DCDF0 /* SBJsonTokeniser.m */,
				60893ECC13B5F78F008DCDF0 /* SBJsonUTF8Stream.h */,
				60893ECD13B5F78F008DCDF0 /* SBJsonUTF8Stream.m */,
				60893ECE13B5F78F008DCDF0 /* SBJsonWriter.h */,
				60893ECF13B5F78F008DCDF0 /* SBJsonWriter.m */,
			);
			name = JSON;
			sourceTree = "<group>";
		};
		60893EB313B5F707008DCDF0 /* Auth */ = {
			isa = PBXGroup;
			children = (
				60ACE0D813B50E6600764BEF /* Authorization.h */,
				60ACE0D913B50E6600764BEF /* Authorization.m */,
			);
			name = Auth;
			sourceTree = "<group>";
		};
		60893EDE13B5F9F0008DCDF0 /* Views */ = {
			isa = PBXGroup;
			children = (
				B75ED5961124F75C004F6C94 /* ViewTwoController.h */,
				B75ED5971124F75C004F6C94 /* ViewTwoController.m */,
				B725505C1118D2A00016AD41 /* LoginViewController.h */,
				B725505D1118D2A00016AD41 /* LoginViewController.m */,
				B7F6523E10FFD98E0008748C /* MainViewController.h */,
				B7F6523F10FFD98E0008748C /* MainViewController.m */,
			);
			name = Views;
			sourceTree = "<group>";
		};
/* End PBXGroup section */

/* Begin PBXNativeTarget section */
		1D6058900D05DD3D006BFB54 /* Nellodee */ = {
			isa = PBXNativeTarget;
			buildConfigurationList = 1D6058960D05DD3E006BFB54 /* Build configuration list for PBXNativeTarget "Nellodee" */;
			buildPhases = (
				1D60588D0D05DD3D006BFB54 /* Resources */,
				1D60588E0D05DD3D006BFB54 /* Sources */,
				1D60588F0D05DD3D006BFB54 /* Frameworks */,
			);
			buildRules = (
			);
			dependencies = (
			);
			name = Nellodee;
			productName = TabBarTest;
			productReference = 1D6058910D05DD3D006BFB54 /* Nellodee.app */;
			productType = "com.apple.product-type.application";
		};
/* End PBXNativeTarget section */

/* Begin PBXProject section */
		29B97313FDCFA39411CA2CEA /* Project object */ = {
			isa = PBXProject;
			buildConfigurationList = C01FCF4E08A954540054247B /* Build configuration list for PBXProject "Nellodee" */;
			compatibilityVersion = "Xcode 3.1";
			developmentRegion = English;
			hasScannedForEncodings = 1;
			knownRegions = (
				English,
				Japanese,
				French,
				German,
			);
			mainGroup = 29B97314FDCFA39411CA2CEA /* CustomTemplate */;
			projectDirPath = "";
			projectRoot = "";
			targets = (
				1D6058900D05DD3D006BFB54 /* Nellodee */,
			);
		};
/* End PBXProject section */

/* Begin PBXResourcesBuildPhase section */
		1D60588D0D05DD3D006BFB54 /* Resources */ = {
			isa = PBXResourcesBuildPhase;
			buildActionMask = 2147483647;
			files = (
				28AD733F0D9D9553002E5188 /* MainWindow.xib in Resources */,
				B7F6524210FFD98E0008748C /* MainViewController.xib in Resources */,
				B72550601118D2A00016AD41 /* LoginViewController.xib in Resources */,
				B75ED59A1124F75C004F6C94 /* ViewTwoController.xib in Resources */,
			);
			runOnlyForDeploymentPostprocessing = 0;
		};
/* End PBXResourcesBuildPhase section */

/* Begin PBXSourcesBuildPhase section */
		1D60588E0D05DD3D006BFB54 /* Sources */ = {
			isa = PBXSourcesBuildPhase;
			buildActionMask = 2147483647;
			files = (
				1D60589B0D05DD56006BFB54 /* main.m in Sources */,
				1D3623260D0F684500981E51 /* NellodeeAppDelegate.m in Sources */,
				B7F6524110FFD98E0008748C /* MainViewController.m in Sources */,
				B725505F1118D2A00016AD41 /* LoginViewController.m in Sources */,
				B75ED5991124F75C004F6C94 /* ViewTwoController.m in Sources */,
				60ACE0DA13B50E6600764BEF /* Authorization.m in Sources */,
				60893ED013B5F78F008DCDF0 /* NSObject+SBJson.m in Sources */,
				60893ED113B5F78F008DCDF0 /* SBJsonParser.m in Sources */,
				60893ED213B5F78F008DCDF0 /* SBJsonStreamParser.m in Sources */,
				60893ED313B5F78F008DCDF0 /* SBJsonStreamParserAccumulator.m in Sources */,
				60893ED413B5F78F008DCDF0 /* SBJsonStreamParserAdapter.m in Sources */,
				60893ED513B5F78F008DCDF0 /* SBJsonStreamParserState.m in Sources */,
				60893ED613B5F78F008DCDF0 /* SBJsonStreamWriter.m in Sources */,
				60893ED713B5F78F008DCDF0 /* SBJsonStreamWriterAccumulator.m in Sources */,
				60893ED813B5F78F008DCDF0 /* SBJsonStreamWriterState.m in Sources */,
				60893ED913B5F78F008DCDF0 /* SBJsonTokeniser.m in Sources */,
				60893EDA13B5F78F008DCDF0 /* SBJsonUTF8Stream.m in Sources */,
				60893EDB13B5F78F008DCDF0 /* SBJsonWriter.m in Sources */,
				60893FBA13B75DA2008DCDF0 /* NellodeeApp.m in Sources */,
			);
			runOnlyForDeploymentPostprocessing = 0;
		};
/* End PBXSourcesBuildPhase section */

/* Begin XCBuildConfiguration section */
		1D6058940D05DD3E006BFB54 /* Debug */ = {
			isa = XCBuildConfiguration;
			buildSettings = {
				ALWAYS_SEARCH_USER_PATHS = NO;
				COPY_PHASE_STRIP = NO;
				FRAMEWORK_SEARCH_PATHS = (
					"$(inherited)",
					"\"/Volumes/Skiiing2/CD/ViewBased/Unknown Path/System/Library/Frameworks\"",
				);
				GCC_DYNAMIC_NO_PIC = NO;
				GCC_OPTIMIZATION_LEVEL = 0;
				GCC_PRECOMPILE_PREFIX_HEADER = YES;
				GCC_PREFIX_HEADER = Nellodee_Prefix.pch;
				INFOPLIST_FILE = "Nellodee-Info.plist";
				PRODUCT_NAME = Nellodee;
			};
			name = Debug;
		};
		1D6058950D05DD3E006BFB54 /* Release */ = {
			isa = XCBuildConfiguration;
			buildSettings = {
				ALWAYS_SEARCH_USER_PATHS = NO;
				COPY_PHASE_STRIP = YES;
				FRAMEWORK_SEARCH_PATHS = (
					"$(inherited)",
					"\"/Volumes/Skiiing2/CD/ViewBased/Unknown Path/System/Library/Frameworks\"",
				);
				GCC_PRECOMPILE_PREFIX_HEADER = YES;
				GCC_PREFIX_HEADER = Nellodee_Prefix.pch;
				INFOPLIST_FILE = "Nellodee-Info.plist";
				PRODUCT_NAME = Nellodee;
			};
			name = Release;
		};
		C01FCF4F08A954540054247B /* Debug */ = {
			isa = XCBuildConfiguration;
			buildSettings = {
				ARCHS = "$(ARCHS_STANDARD_32_BIT)";
				"CODE_SIGN_IDENTITY[sdk=iphoneos*]" = "iPhone Developer";
				GCC_C_LANGUAGE_STANDARD = c99;
				GCC_WARN_ABOUT_RETURN_TYPE = YES;
				GCC_WARN_UNUSED_VARIABLE = YES;
				PREBINDING = NO;
				SDKROOT = iphoneos4.3;
			};
			name = Debug;
		};
		C01FCF5008A954540054247B /* Release */ = {
			isa = XCBuildConfiguration;
			buildSettings = {
				ARCHS = "$(ARCHS_STANDARD_32_BIT)";
				"CODE_SIGN_IDENTITY[sdk=iphoneos*]" = "iPhone Developer";
				GCC_C_LANGUAGE_STANDARD = c99;
				GCC_WARN_ABOUT_RETURN_TYPE = YES;
				GCC_WARN_UNUSED_VARIABLE = YES;
				PREBINDING = NO;
				SDKROOT = iphoneos3.1.2;
			};
			name = Release;
		};
/* End XCBuildConfiguration section */

/* Begin XCConfigurationList section */
		1D6058960D05DD3E006BFB54 /* Build configuration list for PBXNativeTarget "Nellodee" */ = {
			isa = XCConfigurationList;
			buildConfigurations = (
				1D6058940D05DD3E006BFB54 /* Debug */,
				1D6058950D05DD3E006BFB54 /* Release */,
			);
			defaultConfigurationIsVisible = 0;
			defaultConfigurationName = Release;
		};
		C01FCF4E08A954540054247B /* Build configuration list for PBXProject "Nellodee" */ = {
			isa = XCConfigurationList;
			buildConfigurations = (
				C01FCF4F08A954540054247B /* Debug */,
				C01FCF5008A954540054247B /* Release */,
			);
			defaultConfigurationIsVisible = 0;
			defaultConfigurationName = Release;
		};
/* End XCConfigurationList section */
	};
	rootObject = 29B97313FDCFA39411CA2CEA /* Project object */;
}
